Microsoft Visual Studio Solution File, Format Version 12.00
# Visual Studio 14
VisualStudioVersion = 14.0.24720.0
MinimumVisualStudioVersion = 10.0.40219.1
Project("{FAE04EC0-301F-11D3-BF4B-00C04F79EFBC}") = "RomanNumeralsClone", "RomanNumeralsClone.csproj", "{F52384F2-C3E0-4442-9FBA-34A610CA07E2}"
EndProject
Global
	GlobalSection(SolutionConfigurationPlatforms) = preSolution
		Debug|x86 = Debug|x86
		Release|x86 = Release|x86
	EndGlobalSection
	GlobalSection(ProjectConfigurationPlatforms) = postSolution
		{F52384F2-C3E0-4442-9FBA-34A610CA07E2}.Debug|x86.ActiveCfg = Debug|x86
		{F52384F2-C3E0-4442-9FBA-34A610CA07E2}.Debug|x86.Build.0 = Debug|x86
		{F52384F2-C3E0-4442-9FBA-34A610CA07E2}.Release|x86.ActiveCfg = Release|x86
		{F52384F2-C3E0-4442-9FBA-34A610CA07E2}.Release|x86.Build.0 = Release|x86
	EndGlobalSection
	GlobalSection(SolutionProperties) = preSolution
		HideSolutionNode = FALSE
	EndGlobalSection
EndGlobal
